
Microsoft Visual Studio Solution File, Format Version 12.00
# Visual Studio Version 16
VisualStudioVersion = 16.0.30907.101
MinimumVisualStudioVersion = 10.0.40219.1
Project("{FAE04EC0-301F-11D3-BF4B-00C04F79EFBC}") = "EmployeeHours", "EmployeeHours\EmployeeHours.csproj", "{F01868A2-0576-4471-BB4C-18842271C5A2}"
EndProject
Project("{FAE04EC0-301F-11D3-BF4B-00C04F79EFBC}") = "EmployeeHours.Test", "EmployeeHours.Test\EmployeeHours.Test.csproj", "{7B5FB675-54EA-485A-853A-D836FAD36D2B}"
EndProject
Global
	GlobalSection(SolutionConfigurationPlatforms) = preSolution
		Debug|Any CPU = Debug|Any CPU
		Release|Any CPU = Release|Any CPU
	EndGlobalSection
	GlobalSection(ProjectConfigurationPlatforms) = postSolution
		{F01868A2-0576-4471-BB4C-18842271C5A2}.Debug|Any CPU.ActiveCfg = Debug|Any CPU
		{F01868A2-0576-4471-BB4C-18842271C5A2}.Debug|Any CPU.Build.0 = Debug|Any CPU
		{F01868A2-0576-4471-BB4C-18842271C5A2}.Release|Any CPU.ActiveCfg = Release|Any CPU
		{F01868A2-0576-4471-BB4C-18842271C5A2}.Release|Any CPU.Build.0 = Release|Any CPU
		{7B5FB675-54EA-485A-853A-D836FAD36D2B}.Debug|Any CPU.ActiveCfg = Debug|Any CPU
		{7B5FB675-54EA-485A-853A-D836FAD36D2B}.Debug|Any CPU.Build.0 = Debug|Any CPU
		{7B5FB675-54EA-485A-853A-D836FAD36D2B}.Release|Any CPU.ActiveCfg = Release|Any CPU
		{7B5FB675-54EA-485A-853A-D836FAD36D2B}.Release|Any CPU.Build.0 = Release|Any CPU
	EndGlobalSection
	GlobalSection(SolutionProperties) = preSolution
		HideSolutionNode = FALSE
	EndGlobalSection
	GlobalSection(ExtensibilityGlobals) = postSolution
		SolutionGuid = {1AD76290-B5A8-485A-A902-8640DFF7862B}
	EndGlobalSection
EndGlobal
